
Microsoft Visual Studio Solution File, Format Version 12.00
# Visual Studio Version 17
VisualStudioVersion = 17.10.35027.167
MinimumVisualStudioVersion = 10.0.40219.1
Project("{FAE04EC0-301F-11D3-BF4B-00C04F79EFBC}") = "HelloCsharp", "HelloCsharp\HelloCsharp.csproj", "{3A081314-A3CB-46C1-87CE-54E1B9FE3641}"
EndProject
Project("{FAE04EC0-301F-11D3-BF4B-00C04F79EFBC}") = "ConsoleApp1", "ConsoleApp1\ConsoleApp1.csproj", "{A337A91E-5019-48B2-9EAF-492927630989}"
EndProject
Project("{2150E333-8FDC-42A3-9474-1A3956D46DE8}") = "Solution Items", "Solution Items", "{B72AA488-FBDC-4EFE-BD3C-0B94113C31C9}"
	ProjectSection(SolutionItems) = preProject
		.editorconfig = .editorconfig
	EndProjectSection
EndProject
Project("{FAE04EC0-301F-11D3-BF4B-00C04F79EFBC}") = "Var", "Var\Var.csproj", "{72C3170A-FF55-47BE-96AA-9C4A130CA95F}"
EndProject
Project("{FAE04EC0-301F-11D3-BF4B-00C04F79EFBC}") = "Obj", "Obj\Obj.csproj", "{1445A466-D3E9-46DC-8DDD-F8CCF13F0A16}"
EndProject
Project("{FAE04EC0-301F-11D3-BF4B-00C04F79EFBC}") = "Val", "Val\Val.csproj", "{4458F208-4B51-4E2F-89D0-A343A1325712}"
EndProject
Project("{FAE04EC0-301F-11D3-BF4B-00C04F79EFBC}") = "func", "func\func.csproj", "{FA6464FB-F1D2-4100-B119-6DF98232ADD3}"
EndProject
Project("{FAE04EC0-301F-11D3-BF4B-00C04F79EFBC}") = "Arr", "Arr\Arr.csproj", "{AAE4E27B-68CC-4B40-A3EC-342D6EFE17E6}"
EndProject
Project("{FAE04EC0-301F-11D3-BF4B-00C04F79EFBC}") = "struct1", "struct1\struct1.csproj", "{88F73254-E215-407C-9AA0-C14072359661}"
EndProject
Project("{FAE04EC0-301F-11D3-BF4B-00C04F79EFBC}") = "inherit", "inherit\inherit.csproj", "{6A482BB9-2574-42F7-9A18-3078650602BD}"
EndProject
Project("{FAE04EC0-301F-11D3-BF4B-00C04F79EFBC}") = "Depart1", "Depart1\Depart1.csproj", "{F6779199-E60E-42E8-B0C5-2F347CEC3946}"
EndProject
Project("{FAE04EC0-301F-11D3-BF4B-00C04F79EFBC}") = "Calculator", "..\WPF1\Calculator\Calculator.csproj", "{3921A0C2-6D75-4120-9A97-5352A4878D0B}"
EndProject
Project("{FAE04EC0-301F-11D3-BF4B-00C04F79EFBC}") = "Depart2", "Depart2\Depart2.csproj", "{50DA0905-2373-4B07-A959-FB168EEF5F51}"
EndProject
Project("{FAE04EC0-301F-11D3-BF4B-00C04F79EFBC}") = "Event1", "Event1\Event1.csproj", "{94F5DA6D-544E-48FC-B08A-3ABEE8B3C8FA}"
EndProject
Project("{FAE04EC0-301F-11D3-BF4B-00C04F79EFBC}") = "ExplicitAndImplicit", "ExplicitAndImplicit\ExplicitAndImplicit.csproj", "{276D4981-CDCF-4366-B38B-A51114810D1A}"
EndProject
Project("{FAE04EC0-301F-11D3-BF4B-00C04F79EFBC}") = "Nullable1", "Nullable\Nullable1.csproj", "{B8512997-4F9C-416E-B940-BCCB485B7D61}"
EndProject
Project("{FAE04EC0-301F-11D3-BF4B-00C04F79EFBC}") = "Property", "Property\Property.csproj", "{7A117128-1988-49F3-9BEA-B8D2FAE42C19}"
EndProject
Project("{FAE04EC0-301F-11D3-BF4B-00C04F79EFBC}") = "ThisDemo", "ThisDemo\ThisDemo.csproj", "{D4BA99CB-A650-4EE8-AF44-F7567B072EE6}"
EndProject
Global
	GlobalSection(SolutionConfigurationPlatforms) = preSolution
		Debug|Any CPU = Debug|Any CPU
		Release|Any CPU = Release|Any CPU
	EndGlobalSection
	GlobalSection(ProjectConfigurationPlatforms) = postSolution
		{3A081314-A3CB-46C1-87CE-54E1B9FE3641}.Debug|Any CPU.ActiveCfg = Debug|Any CPU
		{3A081314-A3CB-46C1-87CE-54E1B9FE3641}.Debug|Any CPU.Build.0 = Debug|Any CPU
		{3A081314-A3CB-46C1-87CE-54E1B9FE3641}.Release|Any CPU.ActiveCfg = Release|Any CPU
		{3A081314-A3CB-46C1-87CE-54E1B9FE3641}.Release|Any CPU.Build.0 = Release|Any CPU
		{A337A91E-5019-48B2-9EAF-492927630989}.Debug|Any CPU.ActiveCfg = Debug|Any CPU
		{A337A91E-5019-48B2-9EAF-492927630989}.Debug|Any CPU.Build.0 = Debug|Any CPU
		{A337A91E-5019-48B2-9EAF-492927630989}.Release|Any CPU.ActiveCfg = Release|Any CPU
		{A337A91E-5019-48B2-9EAF-492927630989}.Release|Any CPU.Build.0 = Release|Any CPU
		{72C3170A-FF55-47BE-96AA-9C4A130CA95F}.Debug|Any CPU.ActiveCfg = Debug|Any CPU
		{72C3170A-FF55-47BE-96AA-9C4A130CA95F}.Debug|Any CPU.Build.0 = Debug|Any CPU
		{72C3170A-FF55-47BE-96AA-9C4A130CA95F}.Release|Any CPU.ActiveCfg = Release|Any CPU
		{72C3170A-FF55-47BE-96AA-9C4A130CA95F}.Release|Any CPU.Build.0 = Release|Any CPU
		{1445A466-D3E9-46DC-8DDD-F8CCF13F0A16}.Debug|Any CPU.ActiveCfg = Debug|Any CPU
		{1445A466-D3E9-46DC-8DDD-F8CCF13F0A16}.Debug|Any CPU.Build.0 = Debug|Any CPU
		{1445A466-D3E9-46DC-8DDD-F8CCF13F0A16}.Release|Any CPU.ActiveCfg = Release|Any CPU
		{1445A466-D3E9-46DC-8DDD-F8CCF13F0A16}.Release|Any CPU.Build.0 = Release|Any CPU
		{4458F208-4B51-4E2F-89D0-A343A1325712}.Debug|Any CPU.ActiveCfg = Debug|Any CPU
		{4458F208-4B51-4E2F-89D0-A343A1325712}.Debug|Any CPU.Build.0 = Debug|Any CPU
		{4458F208-4B51-4E2F-89D0-A343A1325712}.Release|Any CPU.ActiveCfg = Release|Any CPU
		{4458F208-4B51-4E2F-89D0-A343A1325712}.Release|Any CPU.Build.0 = Release|Any CPU
		{FA6464FB-F1D2-4100-B119-6DF98232ADD3}.Debug|Any CPU.ActiveCfg = Debug|Any CPU
		{FA6464FB-F1D2-4100-B119-6DF98232ADD3}.Debug|Any CPU.Build.0 = Debug|Any CPU
		{FA6464FB-F1D2-4100-B119-6DF98232ADD3}.Release|Any CPU.ActiveCfg = Release|Any CPU
		{FA6464FB-F1D2-4100-B119-6DF98232ADD3}.Release|Any CPU.Build.0 = Release|Any CPU
		{AAE4E27B-68CC-4B40-A3EC-342D6EFE17E6}.Debug|Any CPU.ActiveCfg = Debug|Any CPU
		{AAE4E27B-68CC-4B40-A3EC-342D6EFE17E6}.Debug|Any CPU.Build.0 = Debug|Any CPU
		{AAE4E27B-68CC-4B40-A3EC-342D6EFE17E6}.Release|Any CPU.ActiveCfg = Release|Any CPU
		{AAE4E27B-68CC-4B40-A3EC-342D6EFE17E6}.Release|Any CPU.Build.0 = Release|Any CPU
		{88F73254-E215-407C-9AA0-C14072359661}.Debug|Any CPU.ActiveCfg = Debug|Any CPU
		{88F73254-E215-407C-9AA0-C14072359661}.Debug|Any CPU.Build.0 = Debug|Any CPU
		{88F73254-E215-407C-9AA0-C14072359661}.Release|Any CPU.ActiveCfg = Release|Any CPU
		{88F73254-E215-407C-9AA0-C14072359661}.Release|Any CPU.Build.0 = Release|Any CPU
		{6A482BB9-2574-42F7-9A18-3078650602BD}.Debug|Any CPU.ActiveCfg = Debug|Any CPU
		{6A482BB9-2574-42F7-9A18-3078650602BD}.Debug|Any CPU.Build.0 = Debug|Any CPU
		{6A482BB9-2574-42F7-9A18-3078650602BD}.Release|Any CPU.ActiveCfg = Release|Any CPU
		{6A482BB9-2574-42F7-9A18-3078650602BD}.Release|Any CPU.Build.0 = Release|Any CPU
		{F6779199-E60E-42E8-B0C5-2F347CEC3946}.Debug|Any CPU.ActiveCfg = Debug|Any CPU
		{F6779199-E60E-42E8-B0C5-2F347CEC3946}.Debug|Any CPU.Build.0 = Debug|Any CPU
		{F6779199-E60E-42E8-B0C5-2F347CEC3946}.Release|Any CPU.ActiveCfg = Release|Any CPU
		{F6779199-E60E-42E8-B0C5-2F347CEC3946}.Release|Any CPU.Build.0 = Release|Any CPU
		{3921A0C2-6D75-4120-9A97-5352A4878D0B}.Debug|Any CPU.ActiveCfg = Debug|Any CPU
		{3921A0C2-6D75-4120-9A97-5352A4878D0B}.Debug|Any CPU.Build.0 = Debug|Any CPU
		{3921A0C2-6D75-4120-9A97-5352A4878D0B}.Release|Any CPU.ActiveCfg = Release|Any CPU
		{3921A0C2-6D75-4120-9A97-5352A4878D0B}.Release|Any CPU.Build.0 = Release|Any CPU
		{50DA0905-2373-4B07-A959-FB168EEF5F51}.Debug|Any CPU.ActiveCfg = Debug|Any CPU
		{50DA0905-2373-4B07-A959-FB168EEF5F51}.Debug|Any CPU.Build.0 = Debug|Any CPU
		{50DA0905-2373-4B07-A959-FB168EEF5F51}.Release|Any CPU.ActiveCfg = Release|Any CPU
		{50DA0905-2373-4B07-A959-FB168EEF5F51}.Release|Any CPU.Build.0 = Release|Any CPU
		{94F5DA6D-544E-48FC-B08A-3ABEE8B3C8FA}.Debug|Any CPU.ActiveCfg = Debug|Any CPU
		{94F5DA6D-544E-48FC-B08A-3ABEE8B3C8FA}.Debug|Any CPU.Build.0 = Debug|Any CPU
		{94F5DA6D-544E-48FC-B08A-3ABEE8B3C8FA}.Release|Any CPU.ActiveCfg = Release|Any CPU
		{94F5DA6D-544E-48FC-B08A-3ABEE8B3C8FA}.Release|Any CPU.Build.0 = Release|Any CPU
		{276D4981-CDCF-4366-B38B-A51114810D1A}.Debug|Any CPU.ActiveCfg = Debug|Any CPU
		{276D4981-CDCF-4366-B38B-A51114810D1A}.Debug|Any CPU.Build.0 = Debug|Any CPU
		{276D4981-CDCF-4366-B38B-A51114810D1A}.Release|Any CPU.ActiveCfg = Release|Any CPU
		{276D4981-CDCF-4366-B38B-A51114810D1A}.Release|Any CPU.Build.0 = Release|Any CPU
		{B8512997-4F9C-416E-B940-BCCB485B7D61}.Debug|Any CPU.ActiveCfg = Debug|Any CPU
		{B8512997-4F9C-416E-B940-BCCB485B7D61}.Debug|Any CPU.Build.0 = Debug|Any CPU
		{B8512997-4F9C-416E-B940-BCCB485B7D61}.Release|Any CPU.ActiveCfg = Release|Any CPU
		{B8512997-4F9C-416E-B940-BCCB485B7D61}.Release|Any CPU.Build.0 = Release|Any CPU
		{7A117128-1988-49F3-9BEA-B8D2FAE42C19}.Debug|Any CPU.ActiveCfg = Debug|Any CPU
		{7A117128-1988-49F3-9BEA-B8D2FAE42C19}.Debug|Any CPU.Build.0 = Debug|Any CPU
		{7A117128-1988-49F3-9BEA-B8D2FAE42C19}.Release|Any CPU.ActiveCfg = Release|Any CPU
		{7A117128-1988-49F3-9BEA-B8D2FAE42C19}.Release|Any CPU.Build.0 = Release|Any CPU
		{D4BA99CB-A650-4EE8-AF44-F7567B072EE6}.Debug|Any CPU.ActiveCfg = Debug|Any CPU
		{D4BA99CB-A650-4EE8-AF44-F7567B072EE6}.Debug|Any CPU.Build.0 = Debug|Any CPU
		{D4BA99CB-A650-4EE8-AF44-F7567B072EE6}.Release|Any CPU.ActiveCfg = Release|Any CPU
		{D4BA99CB-A650-4EE8-AF44-F7567B072EE6}.Release|Any CPU.Build.0 = Release|Any CPU
	EndGlobalSection
	GlobalSection(SolutionProperties) = preSolution
		HideSolutionNode = FALSE
	EndGlobalSection
	GlobalSection(ExtensibilityGlobals) = postSolution
		SolutionGuid = {977CCDC3-D1CE-4775-99F0-28903D7D73A8}
	EndGlobalSection
EndGlobal
